
Microsoft Visual Studio Solution File, Format Version 12.00
# Visual Studio 15
VisualStudioVersion = 15.0.28010.2041
MinimumVisualStudioVersion = 10.0.40219.1
Project("{FAE04EC0-301F-11D3-BF4B-00C04F79EFBC}") = "MegaFUSEUI", "MegaFUSEUI\MegaFUSEUI.csproj", "{51411228-B032-4824-8CF3-DCF39C391FB1}"
EndProject
Project("{2150E333-8FDC-42A3-9474-1A3956D46DE8}") = "Solution Items", "Solution Items", "{8011CA66-FA57-4E5D-B765-951611BC5C1A}"
	ProjectSection(SolutionItems) = preProject
		README.md = README.md
	EndProjectSection
EndProject
Project("{FAE04EC0-301F-11D3-BF4B-00C04F79EFBC}") = "MegaFUSE.UI", "MegaFUSE.UI\MegaFUSE.UI.csproj", "{B88951CE-EE3F-4713-9342-44D6630DC13B}"
EndProject
Global
	GlobalSection(SolutionConfigurationPlatforms) = preSolution
		Debug|Any CPU = Debug|Any CPU
		Release|Any CPU = Release|Any CPU
	EndGlobalSection
	GlobalSection(ProjectConfigurationPlatforms) = postSolution
		{51411228-B032-4824-8CF3-DCF39C391FB1}.Debug|Any CPU.ActiveCfg = Debug|Any CPU
		{51411228-B032-4824-8CF3-DCF39C391FB1}.Debug|Any CPU.Build.0 = Debug|Any CPU
		{51411228-B032-4824-8CF3-DCF39C391FB1}.Release|Any CPU.ActiveCfg = Release|Any CPU
		{51411228-B032-4824-8CF3-DCF39C391FB1}.Release|Any CPU.Build.0 = Release|Any CPU
		{B88951CE-EE3F-4713-9342-44D6630DC13B}.Debug|Any CPU.ActiveCfg = Debug|Any CPU
		{B88951CE-EE3F-4713-9342-44D6630DC13B}.Debug|Any CPU.Build.0 = Debug|Any CPU
		{B88951CE-EE3F-4713-9342-44D6630DC13B}.Release|Any CPU.ActiveCfg = Release|Any CPU
		{B88951CE-EE3F-4713-9342-44D6630DC13B}.Release|Any CPU.Build.0 = Release|Any CPU
	EndGlobalSection
	GlobalSection(SolutionProperties) = preSolution
		HideSolutionNode = FALSE
	EndGlobalSection
	GlobalSection(ExtensibilityGlobals) = postSolution
		SolutionGuid = {25C3194D-85C6-47C3-8B30-3C61FCFE083C}
	EndGlobalSection
EndGlobal
